// !$*UTF8*$!
{
	archiveVersion = 1;
	classes = {
	};
	objectVersion = 77;
	objects = {

/* Begin PBXBuildFile section */
		014C37E235F0F8F582FAEEAC /* F1FantasyApp.swift in Sources */ = {isa = PBXBuildFile; fileRef = 6EDB54E655919344F5C42E31 /* F1FantasyApp.swift */; };
		0316A9304EE9F636F5794E56 /* RegisterView.swift in Sources */ = {isa = PBXBuildFile; fileRef = 919929646EEA0DD33363437B /* RegisterView.swift */; };
		085AB22DE26B70BA13E5DFC4 /* LeaguesListView.swift in Sources */ = {isa = PBXBuildFile; fileRef = 12C5CDD51115726F92403508 /* LeaguesListView.swift */; };
		0E4468E2AFD478D50631DA08 /* RankDeltaBadge.swift in Sources */ = {isa = PBXBuildFile; fileRef = 421FF11C1B470F2000D64DB5 /* RankDeltaBadge.swift */; };
		0FDA833CC6E0CAB63FB09DF9 /* KeychainHelper.swift in Sources */ = {isa = PBXBuildFile; fileRef = 8E38F339E8590BACFFD4C31D /* KeychainHelper.swift */; };
		17DFF5BB4B125B07C550CB8B /* F1SeasonDetailView.swift in Sources */ = {isa = PBXBuildFile; fileRef = DF3443607256E0FD21520BE1 /* F1SeasonDetailView.swift */; };
		20AA652585A88EF655A2CAF8 /* LeaderboardViewModel.swift in Sources */ = {isa = PBXBuildFile; fileRef = 56793A6E990E8D22B83EEE72 /* LeaderboardViewModel.swift */; };
		21603DB44CB7C82E9DB741B2 /* AuthViewModel.swift in Sources */ = {isa = PBXBuildFile; fileRef = 6DE616C894086C456DB8A120 /* AuthViewModel.swift */; };
		21A2039BF535AF507F79E43A /* User.swift in Sources */ = {isa = PBXBuildFile; fileRef = 63DF8ECEBE12277DCFAE016E /* User.swift */; };
		40224B0564F2E185B566261F /* MainTabView.swift in Sources */ = {isa = PBXBuildFile; fileRef = 0B69E302FC8372F0C4C0BD58 /* MainTabView.swift */; };
		474100D35E6751CDC2452099 /* ChatViewModel.swift in Sources */ = {isa = PBXBuildFile; fileRef = 6B8AFC510F862776E6F0CF08 /* ChatViewModel.swift */; };
		4C1CBF4EBFF92A5ABE25BD08 /* BudgetBar.swift in Sources */ = {isa = PBXBuildFile; fileRef = 702AE8E9F51A918F13689C87 /* BudgetBar.swift */; };
		4C8297CA884D60EC8A99252C /* RaceResultsView.swift in Sources */ = {isa = PBXBuildFile; fileRef = 17AFF8D03F6F20B0E274F9C5 /* RaceResultsView.swift */; };
		5032E44B91D53CCA22CAC17F /* ChatView.swift in Sources */ = {isa = PBXBuildFile; fileRef = 574CD64280AAF811448FB04F /* ChatView.swift */; };
		53A3A2EE86F0EF022307BC0C /* DiscoverLeaguesView.swift in Sources */ = {isa = PBXBuildFile; fileRef = B38A5E624174E494890CD922 /* DiscoverLeaguesView.swift */; };
		5644D1D43EA31BB46442B98B /* ErrorView.swift in Sources */ = {isa = PBXBuildFile; fileRef = 07221C8BFCDC24BCFD2A77DE /* ErrorView.swift */; };
		5BF01D12462D4D04DE37711A /* NotificationsView.swift in Sources */ = {isa = PBXBuildFile; fileRef = EC363926B96A94B50FA55729 /* NotificationsView.swift */; };
		62780329FA9425830663235D /* APIEndpoints.swift in Sources */ = {isa = PBXBuildFile; fileRef = 4853191B3AB95D5BBD4741AB /* APIEndpoints.swift */; };
		6F4F44FE0DD4D8649CA1DE25 /* LeaderboardView.swift in Sources */ = {isa = PBXBuildFile; fileRef = 10CB17C847C57EE7CD6C1DCA /* LeaderboardView.swift */; };
		71D7B16764A5BC88E56231AE /* JolpicaModels.swift in Sources */ = {isa = PBXBuildFile; fileRef = BEF1A5A483E6E86EBD016514 /* JolpicaModels.swift */; };
		72F5C34F4643EB9AE75672D2 /* StatsViewModel.swift in Sources */ = {isa = PBXBuildFile; fileRef = 3D796D459E4EE3E649FCEF87 /* StatsViewModel.swift */; };
		791A83AEDA0671231A7A8285 /* League.swift in Sources */ = {isa = PBXBuildFile; fileRef = D2CFE2074D1E4B3F4398CEB3 /* League.swift */; };
		79C7A7931D463D31D2B5154F /* StatsView.swift in Sources */ = {isa = PBXBuildFile; fileRef = CAB8DF3F1BE16CA9254E81DB /* StatsView.swift */; };
		82D91AE3C9A542F244308DC0 /* TeamPickerView.swift in Sources */ = {isa = PBXBuildFile; fileRef = 21FEC10668C28DC54C5BD2B3 /* TeamPickerView.swift */; };
		885E17F65AAF812CA77EDF9A /* CreateLeagueView.swift in Sources */ = {isa = PBXBuildFile; fileRef = FEE7C156E5552C09BEBE67F2 /* CreateLeagueView.swift */; };
		89D26BE64A658AC8B0DC0C30 /* LoadingView.swift in Sources */ = {isa = PBXBuildFile; fileRef = 7675FDA2BEFE003AD7CF0B7F /* LoadingView.swift */; };
		8E0E290B973EDCC60061616B /* ProfileView.swift in Sources */ = {isa = PBXBuildFile; fileRef = 4BF5D9255A52E4AE92B47FC1 /* ProfileView.swift */; };
		995D129877331E91916023DD /* Extensions.swift in Sources */ = {isa = PBXBuildFile; fileRef = 3262E7FEDD16A4B189635FF3 /* Extensions.swift */; };
		999002FBE84B9B114FA4754B /* LeaguesViewModel.swift in Sources */ = {isa = PBXBuildFile; fileRef = 499430D4BECC62A07EDBFA2F /* LeaguesViewModel.swift */; };
		A2C14513EEF84D8C16AC1012 /* AuthService.swift in Sources */ = {isa = PBXBuildFile; fileRef = F1D765760D0F70307FAD9D24 /* AuthService.swift */; };
		AF32BEA2262A0FAE151A59D1 /* Notification.swift in Sources */ = {isa = PBXBuildFile; fileRef = 0F28A86F770F840A03B2214A /* Notification.swift */; };
		C1F88AA26FF2D1E3EEDFE6BA /* Driver.swift in Sources */ = {isa = PBXBuildFile; fileRef = 3ED9471E91B97CF29D2F133D /* Driver.swift */; };
		C263DAAAB52EC1AAA367E456 /* LoginView.swift in Sources */ = {isa = PBXBuildFile; fileRef = C24C1E7E1281747B2792B0EC /* LoginView.swift */; };
		C83DCFFD27EBC986148EB04F /* PriceWatchView.swift in Sources */ = {isa = PBXBuildFile; fileRef = F6E579F77537D3E374154C59 /* PriceWatchView.swift */; };
		D15955D037124FCAB5FEAABC /* AvatarView.swift in Sources */ = {isa = PBXBuildFile; fileRef = F7369AEAFE26AA17E35CF0C3 /* AvatarView.swift */; };
		D23B0DBDD48519E627F4D2F6 /* APIClient.swift in Sources */ = {isa = PBXBuildFile; fileRef = E4FA1E6D20CFFE48ADAF1B07 /* APIClient.swift */; };
		D28DFE9C244369C0D5A639BE /* RaceResult.swift in Sources */ = {isa = PBXBuildFile; fileRef = A8761DF1C39E22EFEEF54A36 /* RaceResult.swift */; };
		DC826CC6C142C231D760394B /* DesignTokens.swift in Sources */ = {isa = PBXBuildFile; fileRef = 206A2E495C40FF592C6AF762 /* DesignTokens.swift */; };
		DE9B382239E67D686C2DA466 /* TeamPickerViewModel.swift in Sources */ = {isa = PBXBuildFile; fileRef = CC93229516D6B4550C12296E /* TeamPickerViewModel.swift */; };
		E538659CDF6C864F53AAE58B /* LeagueContainerView.swift in Sources */ = {isa = PBXBuildFile; fileRef = 5E130FB29C50F68885091B42 /* LeagueContainerView.swift */; };
		E87858ABAC29F40658C98A5F /* LeagueHomeView.swift in Sources */ = {isa = PBXBuildFile; fileRef = F9B21DE61F5039E6E882C328 /* LeagueHomeView.swift */; };
		ED519FDEE06E5E25F89D6880 /* CalendarView.swift in Sources */ = {isa = PBXBuildFile; fileRef = 8CEFCFAFC8A1673324CACABA /* CalendarView.swift */; };
		F2A7FB9E5DB8F8D22DF45E8A /* Team.swift in Sources */ = {isa = PBXBuildFile; fileRef = F8032B69F097A35812670E65 /* Team.swift */; };
		F94937815CD07E8492210A7A /* Message.swift in Sources */ = {isa = PBXBuildFile; fileRef = 7355E4909F88903AAD3FA18E /* Message.swift */; };
		FC7EFBF7E88DD52E654947FD /* ContentView.swift in Sources */ = {isa = PBXBuildFile; fileRef = 4A28C69774D679B896FD50AB /* ContentView.swift */; };
/* End PBXBuildFile section */

/* Begin PBXFileReference section */
		07221C8BFCDC24BCFD2A77DE /* ErrorView.swift */ = {isa = PBXFileReference; lastKnownFileType = sourcecode.swift; path = ErrorView.swift; sourceTree = "<group>"; };
		0B69E302FC8372F0C4C0BD58 /* MainTabView.swift */ = {isa = PBXFileReference; lastKnownFileType = sourcecode.swift; path = MainTabView.swift; sourceTree = "<group>"; };
		0F28A86F770F840A03B2214A /* Notification.swift */ = {isa = PBXFileReference; lastKnownFileType = sourcecode.swift; path = Notification.swift; sourceTree = "<group>"; };
		10CB17C847C57EE7CD6C1DCA /* LeaderboardView.swift */ = {isa = PBXFileReference; lastKnownFileType = sourcecode.swift; path = LeaderboardView.swift; sourceTree = "<group>"; };
		12C5CDD51115726F92403508 /* LeaguesListView.swift */ = {isa = PBXFileReference; lastKnownFileType = sourcecode.swift; path = LeaguesListView.swift; sourceTree = "<group>"; };
		17AFF8D03F6F20B0E274F9C5 /* RaceResultsView.swift */ = {isa = PBXFileReference; lastKnownFileType = sourcecode.swift; path = RaceResultsView.swift; sourceTree = "<group>"; };
		206A2E495C40FF592C6AF762 /* DesignTokens.swift */ = {isa = PBXFileReference; lastKnownFileType = sourcecode.swift; path = DesignTokens.swift; sourceTree = "<group>"; };
		21FEC10668C28DC54C5BD2B3 /* TeamPickerView.swift */ = {isa = PBXFileReference; lastKnownFileType = sourcecode.swift; path = TeamPickerView.swift; sourceTree = "<group>"; };
		3262E7FEDD16A4B189635FF3 /* Extensions.swift */ = {isa = PBXFileReference; lastKnownFileType = sourcecode.swift; path = Extensions.swift; sourceTree = "<group>"; };
		3D796D459E4EE3E649FCEF87 /* StatsViewModel.swift */ = {isa = PBXFileReference; lastKnownFileType = sourcecode.swift; path = StatsViewModel.swift; sourceTree = "<group>"; };
		3ED9471E91B97CF29D2F133D /* Driver.swift */ = {isa = PBXFileReference; lastKnownFileType = sourcecode.swift; path = Driver.swift; sourceTree = "<group>"; };
		421FF11C1B470F2000D64DB5 /* RankDeltaBadge.swift */ = {isa = PBXFileReference; lastKnownFileType = sourcecode.swift; path = RankDeltaBadge.swift; sourceTree = "<group>"; };
		4853191B3AB95D5BBD4741AB /* APIEndpoints.swift */ = {isa = PBXFileReference; lastKnownFileType = sourcecode.swift; path = APIEndpoints.swift; sourceTree = "<group>"; };
		499430D4BECC62A07EDBFA2F /* LeaguesViewModel.swift */ = {isa = PBXFileReference; lastKnownFileType = sourcecode.swift; path = LeaguesViewModel.swift; sourceTree = "<group>"; };
		4A28C69774D679B896FD50AB /* ContentView.swift */ = {isa = PBXFileReference; lastKnownFileType = sourcecode.swift; path = ContentView.swift; sourceTree = "<group>"; };
		4BF5D9255A52E4AE92B47FC1 /* ProfileView.swift */ = {isa = PBXFileReference; lastKnownFileType = sourcecode.swift; path = ProfileView.swift; sourceTree = "<group>"; };
		56793A6E990E8D22B83EEE72 /* LeaderboardViewModel.swift */ = {isa = PBXFileReference; lastKnownFileType = sourcecode.swift; path = LeaderboardViewModel.swift; sourceTree = "<group>"; };
		574CD64280AAF811448FB04F /* ChatView.swift */ = {isa = PBXFileReference; lastKnownFileType = sourcecode.swift; path = ChatView.swift; sourceTree = "<group>"; };
		5C6863F14785B5FE050FDCA9 /* F1Fantasy.app */ = {isa = PBXFileReference; explicitFileType = wrapper.application; includeInIndex = 0; path = F1Fantasy.app; sourceTree = BUILT_PRODUCTS_DIR; };
		5E130FB29C50F68885091B42 /* LeagueContainerView.swift */ = {isa = PBXFileReference; lastKnownFileType = sourcecode.swift; path = LeagueContainerView.swift; sourceTree = "<group>"; };
		63DF8ECEBE12277DCFAE016E /* User.swift */ = {isa = PBXFileReference; lastKnownFileType = sourcecode.swift; path = User.swift; sourceTree = "<group>"; };
		6B8AFC510F862776E6F0CF08 /* ChatViewModel.swift */ = {isa = PBXFileReference; lastKnownFileType = sourcecode.swift; path = ChatViewModel.swift; sourceTree = "<group>"; };
		6DE616C894086C456DB8A120 /* AuthViewModel.swift */ = {isa = PBXFileReference; lastKnownFileType = sourcecode.swift; path = AuthViewModel.swift; sourceTree = "<group>"; };
		6EDB54E655919344F5C42E31 /* F1FantasyApp.swift */ = {isa = PBXFileReference; lastKnownFileType = sourcecode.swift; path = F1FantasyApp.swift; sourceTree = "<group>"; };
		702AE8E9F51A918F13689C87 /* BudgetBar.swift */ = {isa = PBXFileReference; lastKnownFileType = sourcecode.swift; path = BudgetBar.swift; sourceTree = "<group>"; };
		7355E4909F88903AAD3FA18E /* Message.swift */ = {isa = PBXFileReference; lastKnownFileType = sourcecode.swift; path = Message.swift; sourceTree = "<group>"; };
		7675FDA2BEFE003AD7CF0B7F /* LoadingView.swift */ = {isa = PBXFileReference; lastKnownFileType = sourcecode.swift; path = LoadingView.swift; sourceTree = "<group>"; };
		83D151A38FF1E46E6827AB5E /* F1Fantasy.entitlements */ = {isa = PBXFileReference; lastKnownFileType = text.plist.entitlements; path = F1Fantasy.entitlements; sourceTree = "<group>"; };
		8CEFCFAFC8A1673324CACABA /* CalendarView.swift */ = {isa = PBXFileReference; lastKnownFileType = sourcecode.swift; path = CalendarView.swift; sourceTree = "<group>"; };
		8E38F339E8590BACFFD4C31D /* KeychainHelper.swift */ = {isa = PBXFileReference; lastKnownFileType = sourcecode.swift; path = KeychainHelper.swift; sourceTree = "<group>"; };
		919929646EEA0DD33363437B /* RegisterView.swift */ = {isa = PBXFileReference; lastKnownFileType = sourcecode.swift; path = RegisterView.swift; sourceTree = "<group>"; };
		A8761DF1C39E22EFEEF54A36 /* RaceResult.swift */ = {isa = PBXFileReference; lastKnownFileType = sourcecode.swift; path = RaceResult.swift; sourceTree = "<group>"; };
		B38A5E624174E494890CD922 /* DiscoverLeaguesView.swift */ = {isa = PBXFileReference; lastKnownFileType = sourcecode.swift; path = DiscoverLeaguesView.swift; sourceTree = "<group>"; };
		BEF1A5A483E6E86EBD016514 /* JolpicaModels.swift */ = {isa = PBXFileReference; lastKnownFileType = sourcecode.swift; path = JolpicaModels.swift; sourceTree = "<group>"; };
		C24C1E7E1281747B2792B0EC /* LoginView.swift */ = {isa = PBXFileReference; lastKnownFileType = sourcecode.swift; path = LoginView.swift; sourceTree = "<group>"; };
		CAB8DF3F1BE16CA9254E81DB /* StatsView.swift */ = {isa = PBXFileReference; lastKnownFileType = sourcecode.swift; path = StatsView.swift; sourceTree = "<group>"; };
		CC93229516D6B4550C12296E /* TeamPickerViewModel.swift */ = {isa = PBXFileReference; lastKnownFileType = sourcecode.swift; path = TeamPickerViewModel.swift; sourceTree = "<group>"; };
		D2CFE2074D1E4B3F4398CEB3 /* League.swift */ = {isa = PBXFileReference; lastKnownFileType = sourcecode.swift; path = League.swift; sourceTree = "<group>"; };
		D846E1FF245253AFFCBED00E /* Info.plist */ = {isa = PBXFileReference; lastKnownFileType = text.plist; path = Info.plist; sourceTree = "<group>"; };
		DF3443607256E0FD21520BE1 /* F1SeasonDetailView.swift */ = {isa = PBXFileReference; lastKnownFileType = sourcecode.swift; path = F1SeasonDetailView.swift; sourceTree = "<group>"; };
		E4FA1E6D20CFFE48ADAF1B07 /* APIClient.swift */ = {isa = PBXFileReference; lastKnownFileType = sourcecode.swift; path = APIClient.swift; sourceTree = "<group>"; };
		EC363926B96A94B50FA55729 /* NotificationsView.swift */ = {isa = PBXFileReference; lastKnownFileType = sourcecode.swift; path = NotificationsView.swift; sourceTree = "<group>"; };
		F1D765760D0F70307FAD9D24 /* AuthService.swift */ = {isa = PBXFileReference; lastKnownFileType = sourcecode.swift; path = AuthService.swift; sourceTree = "<group>"; };
		F6E579F77537D3E374154C59 /* PriceWatchView.swift */ = {isa = PBXFileReference; lastKnownFileType = sourcecode.swift; path = PriceWatchView.swift; sourceTree = "<group>"; };
		F7369AEAFE26AA17E35CF0C3 /* AvatarView.swift */ = {isa = PBXFileReference; lastKnownFileType = sourcecode.swift; path = AvatarView.swift; sourceTree = "<group>"; };
		F8032B69F097A35812670E65 /* Team.swift */ = {isa = PBXFileReference; lastKnownFileType = sourcecode.swift; path = Team.swift; sourceTree = "<group>"; };
		F9B21DE61F5039E6E882C328 /* LeagueHomeView.swift */ = {isa = PBXFileReference; lastKnownFileType = sourcecode.swift; path = LeagueHomeView.swift; sourceTree = "<group>"; };
		FEE7C156E5552C09BEBE67F2 /* CreateLeagueView.swift */ = {isa = PBXFileReference; lastKnownFileType = sourcecode.swift; path = CreateLeagueView.swift; sourceTree = "<group>"; };
/* End PBXFileReference section */

/* Begin PBXGroup section */
		057840006EF89FB8FD0A519F /* Utilities */ = {
			isa = PBXGroup;
			children = (
				206A2E495C40FF592C6AF762 /* DesignTokens.swift */,
				3262E7FEDD16A4B189635FF3 /* Extensions.swift */,
				8E38F339E8590BACFFD4C31D /* KeychainHelper.swift */,
			);
			path = Utilities;
			sourceTree = "<group>";
		};
		23CE1D197352008B81755269 /* Results */ = {
			isa = PBXGroup;
			children = (
				DF3443607256E0FD21520BE1 /* F1SeasonDetailView.swift */,
				17AFF8D03F6F20B0E274F9C5 /* RaceResultsView.swift */,
			);
			path = Results;
			sourceTree = "<group>";
		};
		2CC90B27A2860DB4DC629CAD /* ViewModels */ = {
			isa = PBXGroup;
			children = (
				6DE616C894086C456DB8A120 /* AuthViewModel.swift */,
				6B8AFC510F862776E6F0CF08 /* ChatViewModel.swift */,
				56793A6E990E8D22B83EEE72 /* LeaderboardViewModel.swift */,
				499430D4BECC62A07EDBFA2F /* LeaguesViewModel.swift */,
				3D796D459E4EE3E649FCEF87 /* StatsViewModel.swift */,
				CC93229516D6B4550C12296E /* TeamPickerViewModel.swift */,
			);
			path = ViewModels;
			sourceTree = "<group>";
		};
		2D50D5C5B0E300891C9C29F0 /* Team */ = {
			isa = PBXGroup;
			children = (
				21FEC10668C28DC54C5BD2B3 /* TeamPickerView.swift */,
			);
			path = Team;
			sourceTree = "<group>";
		};
		525FEBE411549AAEF643C21E /* Chat */ = {
			isa = PBXGroup;
			children = (
				574CD64280AAF811448FB04F /* ChatView.swift */,
			);
			path = Chat;
			sourceTree = "<group>";
		};
		5B2010C81E6634749C9A023F /* Stats */ = {
			isa = PBXGroup;
			children = (
				F6E579F77537D3E374154C59 /* PriceWatchView.swift */,
				CAB8DF3F1BE16CA9254E81DB /* StatsView.swift */,
			);
			path = Stats;
			sourceTree = "<group>";
		};
		5F78C93C0F6CF53AA5470696 /* Auth */ = {
			isa = PBXGroup;
			children = (
				C24C1E7E1281747B2792B0EC /* LoginView.swift */,
				919929646EEA0DD33363437B /* RegisterView.swift */,
			);
			path = Auth;
			sourceTree = "<group>";
		};
		625168E39BCF27956C658BEC /* League */ = {
			isa = PBXGroup;
			children = (
				5E130FB29C50F68885091B42 /* LeagueContainerView.swift */,
				F9B21DE61F5039E6E882C328 /* LeagueHomeView.swift */,
			);
			path = League;
			sourceTree = "<group>";
		};
		69D660769CE7657432D2AC13 /* Notifications */ = {
			isa = PBXGroup;
			children = (
				EC363926B96A94B50FA55729 /* NotificationsView.swift */,
			);
			path = Notifications;
			sourceTree = "<group>";
		};
		7F8B49592E7F4373BBA36C88 /* Shared */ = {
			isa = PBXGroup;
			children = (
				F7369AEAFE26AA17E35CF0C3 /* AvatarView.swift */,
				702AE8E9F51A918F13689C87 /* BudgetBar.swift */,
				07221C8BFCDC24BCFD2A77DE /* ErrorView.swift */,
				7675FDA2BEFE003AD7CF0B7F /* LoadingView.swift */,
				421FF11C1B470F2000D64DB5 /* RankDeltaBadge.swift */,
			);
			path = Shared;
			sourceTree = "<group>";
		};
		9735FC955CDB3DEF725A8AD5 /* Profile */ = {
			isa = PBXGroup;
			children = (
				4BF5D9255A52E4AE92B47FC1 /* ProfileView.swift */,
			);
			path = Profile;
			sourceTree = "<group>";
		};
		AB460E999AC25E5CE5BA31D1 /* App */ = {
			isa = PBXGroup;
			children = (
				4A28C69774D679B896FD50AB /* ContentView.swift */,
				6EDB54E655919344F5C42E31 /* F1FantasyApp.swift */,
			);
			path = App;
			sourceTree = "<group>";
		};
		BECDFECAF43DA35EDB7894EE /* Products */ = {
			isa = PBXGroup;
			children = (
				5C6863F14785B5FE050FDCA9 /* F1Fantasy.app */,
			);
			name = Products;
			sourceTree = "<group>";
		};
		BF071FB4CB1487A3E5C091BF /* Networking */ = {
			isa = PBXGroup;
			children = (
				E4FA1E6D20CFFE48ADAF1B07 /* APIClient.swift */,
				4853191B3AB95D5BBD4741AB /* APIEndpoints.swift */,
				F1D765760D0F70307FAD9D24 /* AuthService.swift */,
			);
			path = Networking;
			sourceTree = "<group>";
		};
		C8AFFBF65507F4E52EFC992F /* F1Fantasy */ = {
			isa = PBXGroup;
			children = (
				AB460E999AC25E5CE5BA31D1 /* App */,
				FE0AFC0EC13ED78BA5522DD7 /* Models */,
				BF071FB4CB1487A3E5C091BF /* Networking */,
				057840006EF89FB8FD0A519F /* Utilities */,
				2CC90B27A2860DB4DC629CAD /* ViewModels */,
				CCAADD8C23A5BBB6FB37140F /* Views */,
				83D151A38FF1E46E6827AB5E /* F1Fantasy.entitlements */,
				D846E1FF245253AFFCBED00E /* Info.plist */,
			);
			path = F1Fantasy;
			sourceTree = "<group>";
		};
		CCAADD8C23A5BBB6FB37140F /* Views */ = {
			isa = PBXGroup;
			children = (
				5F78C93C0F6CF53AA5470696 /* Auth */,
				D478E27BC528AC0AE45F530A /* Calendar */,
				525FEBE411549AAEF643C21E /* Chat */,
				DD2A4421A7DA34F701106995 /* Leaderboard */,
				625168E39BCF27956C658BEC /* League */,
				FA60E31753677B46735D1C08 /* Leagues */,
				69D660769CE7657432D2AC13 /* Notifications */,
				9735FC955CDB3DEF725A8AD5 /* Profile */,
				23CE1D197352008B81755269 /* Results */,
				7F8B49592E7F4373BBA36C88 /* Shared */,
				5B2010C81E6634749C9A023F /* Stats */,
				2D50D5C5B0E300891C9C29F0 /* Team */,
				0B69E302FC8372F0C4C0BD58 /* MainTabView.swift */,
			);
			path = Views;
			sourceTree = "<group>";
		};
		D478E27BC528AC0AE45F530A /* Calendar */ = {
			isa = PBXGroup;
			children = (
				8CEFCFAFC8A1673324CACABA /* CalendarView.swift */,
			);
			path = Calendar;
			sourceTree = "<group>";
		};
		DD2A4421A7DA34F701106995 /* Leaderboard */ = {
			isa = PBXGroup;
			children = (
				10CB17C847C57EE7CD6C1DCA /* LeaderboardView.swift */,
			);
			path = Leaderboard;
			sourceTree = "<group>";
		};
		F96410C2AB080E833F51064B = {
			isa = PBXGroup;
			children = (
				C8AFFBF65507F4E52EFC992F /* F1Fantasy */,
				BECDFECAF43DA35EDB7894EE /* Products */,
			);
			sourceTree = "<group>";
		};
		FA60E31753677B46735D1C08 /* Leagues */ = {
			isa = PBXGroup;
			children = (
				FEE7C156E5552C09BEBE67F2 /* CreateLeagueView.swift */,
				B38A5E624174E494890CD922 /* DiscoverLeaguesView.swift */,
				12C5CDD51115726F92403508 /* LeaguesListView.swift */,
			);
			path = Leagues;
			sourceTree = "<group>";
		};
		FE0AFC0EC13ED78BA5522DD7 /* Models */ = {
			isa = PBXGroup;
			children = (
				3ED9471E91B97CF29D2F133D /* Driver.swift */,
				BEF1A5A483E6E86EBD016514 /* JolpicaModels.swift */,
				D2CFE2074D1E4B3F4398CEB3 /* League.swift */,
				7355E4909F88903AAD3FA18E /* Message.swift */,
				0F28A86F770F840A03B2214A /* Notification.swift */,
				A8761DF1C39E22EFEEF54A36 /* RaceResult.swift */,
				F8032B69F097A35812670E65 /* Team.swift */,
				63DF8ECEBE12277DCFAE016E /* User.swift */,
			);
			path = Models;
			sourceTree = "<group>";
		};
/* End PBXGroup section */

/* Begin PBXNativeTarget section */
		DD644005383ED791EE31F63F /* F1Fantasy */ = {
			isa = PBXNativeTarget;
			buildConfigurationList = 00098C48D0FCE89D38A698D1 /* Build configuration list for PBXNativeTarget "F1Fantasy" */;
			buildPhases = (
				C43C85B29A2B8CEC02C2B8FD /* Sources */,
			);
			buildRules = (
			);
			dependencies = (
			);
			name = F1Fantasy;
			packageProductDependencies = (
			);
			productName = F1Fantasy;
			productReference = 5C6863F14785B5FE050FDCA9 /* F1Fantasy.app */;
			productType = "com.apple.product-type.application";
		};
/* End PBXNativeTarget section */

/* Begin PBXProject section */
		773BBCFF74B1C24D4E92DA01 /* Project object */ = {
			isa = PBXProject;
			attributes = {
				BuildIndependentTargetsInParallel = YES;
				LastUpgradeCheck = 1600;
				TargetAttributes = {
					DD644005383ED791EE31F63F = {
						ProvisioningStyle = Automatic;
					};
				};
			};
			buildConfigurationList = D90F2179B90CC31F3BE268EA /* Build configuration list for PBXProject "F1Fantasy" */;
			developmentRegion = en;
			hasScannedForEncodings = 0;
			knownRegions = (
				Base,
				en,
			);
			mainGroup = F96410C2AB080E833F51064B;
			minimizedProjectReferenceProxies = 1;
			preferredProjectObjectVersion = 77;
			productRefGroup = BECDFECAF43DA35EDB7894EE /* Products */;
			projectDirPath = "";
			projectRoot = "";
			targets = (
				DD644005383ED791EE31F63F /* F1Fantasy */,
			);
		};
/* End PBXProject section */

/* Begin PBXSourcesBuildPhase section */
		C43C85B29A2B8CEC02C2B8FD /* Sources */ = {
			isa = PBXSourcesBuildPhase;
			buildActionMask = 2147483647;
			files = (
				D23B0DBDD48519E627F4D2F6 /* APIClient.swift in Sources */,
				62780329FA9425830663235D /* APIEndpoints.swift in Sources */,
				A2C14513EEF84D8C16AC1012 /* AuthService.swift in Sources */,
				21603DB44CB7C82E9DB741B2 /* AuthViewModel.swift in Sources */,
				D15955D037124FCAB5FEAABC /* AvatarView.swift in Sources */,
				4C1CBF4EBFF92A5ABE25BD08 /* BudgetBar.swift in Sources */,
				ED519FDEE06E5E25F89D6880 /* CalendarView.swift in Sources */,
				5032E44B91D53CCA22CAC17F /* ChatView.swift in Sources */,
				474100D35E6751CDC2452099 /* ChatViewModel.swift in Sources */,
				FC7EFBF7E88DD52E654947FD /* ContentView.swift in Sources */,
				885E17F65AAF812CA77EDF9A /* CreateLeagueView.swift in Sources */,
				DC826CC6C142C231D760394B /* DesignTokens.swift in Sources */,
				53A3A2EE86F0EF022307BC0C /* DiscoverLeaguesView.swift in Sources */,
				C1F88AA26FF2D1E3EEDFE6BA /* Driver.swift in Sources */,
				5644D1D43EA31BB46442B98B /* ErrorView.swift in Sources */,
				995D129877331E91916023DD /* Extensions.swift in Sources */,
				014C37E235F0F8F582FAEEAC /* F1FantasyApp.swift in Sources */,
				17DFF5BB4B125B07C550CB8B /* F1SeasonDetailView.swift in Sources */,
				71D7B16764A5BC88E56231AE /* JolpicaModels.swift in Sources */,
				0FDA833CC6E0CAB63FB09DF9 /* KeychainHelper.swift in Sources */,
				6F4F44FE0DD4D8649CA1DE25 /* LeaderboardView.swift in Sources */,
				20AA652585A88EF655A2CAF8 /* LeaderboardViewModel.swift in Sources */,
				791A83AEDA0671231A7A8285 /* League.swift in Sources */,
				E538659CDF6C864F53AAE58B /* LeagueContainerView.swift in Sources */,
				E87858ABAC29F40658C98A5F /* LeagueHomeView.swift in Sources */,
				085AB22DE26B70BA13E5DFC4 /* LeaguesListView.swift in Sources */,
				999002FBE84B9B114FA4754B /* LeaguesViewModel.swift in Sources */,
				89D26BE64A658AC8B0DC0C30 /* LoadingView.swift in Sources */,
				C263DAAAB52EC1AAA367E456 /* LoginView.swift in Sources */,
				40224B0564F2E185B566261F /* MainTabView.swift in Sources */,
				F94937815CD07E8492210A7A /* Message.swift in Sources */,
				AF32BEA2262A0FAE151A59D1 /* Notification.swift in Sources */,
				5BF01D12462D4D04DE37711A /* NotificationsView.swift in Sources */,
				C83DCFFD27EBC986148EB04F /* PriceWatchView.swift in Sources */,
				8E0E290B973EDCC60061616B /* ProfileView.swift in Sources */,
				D28DFE9C244369C0D5A639BE /* RaceResult.swift in Sources */,
				4C8297CA884D60EC8A99252C /* RaceResultsView.swift in Sources */,
				0E4468E2AFD478D50631DA08 /* RankDeltaBadge.swift in Sources */,
				0316A9304EE9F636F5794E56 /* RegisterView.swift in Sources */,
				79C7A7931D463D31D2B5154F /* StatsView.swift in Sources */,
				72F5C34F4643EB9AE75672D2 /* StatsViewModel.swift in Sources */,
				F2A7FB9E5DB8F8D22DF45E8A /* Team.swift in Sources */,
				82D91AE3C9A542F244308DC0 /* TeamPickerView.swift in Sources */,
				DE9B382239E67D686C2DA466 /* TeamPickerViewModel.swift in Sources */,
				21A2039BF535AF507F79E43A /* User.swift in Sources */,
			);
			runOnlyForDeploymentPostprocessing = 0;
		};
/* End PBXSourcesBuildPhase section */

/* Begin XCBuildConfiguration section */
		2E03D57C08407176869B239C /* Debug */ = {
			isa = XCBuildConfiguration;
			buildSettings = {
				ASSETCATALOG_COMPILER_APPICON_NAME = AppIcon;
				CODE_SIGN_ENTITLEMENTS = F1Fantasy/F1Fantasy.entitlements;
				CODE_SIGN_IDENTITY = "iPhone Developer";
				CODE_SIGN_STYLE = Automatic;
				DEVELOPMENT_TEAM = 22JPP4N3C6;
				INFOPLIST_FILE = F1Fantasy/Info.plist;
				IPHONEOS_DEPLOYMENT_TARGET = 17.0;
				LD_RUNPATH_SEARCH_PATHS = (
					"$(inherited)",
					"@executable_path/Frameworks",
				);
				PRODUCT_BUNDLE_IDENTIFIER = com.maxfaulkner.f1fantasy;
				SDKROOT = iphoneos;
				TARGETED_DEVICE_FAMILY = "1,2";
			};
			name = Debug;
		};
		5561F6091595E3392DD2EADA /* Release */ = {
			isa = XCBuildConfiguration;
			buildSettings = {
				ALWAYS_SEARCH_USER_PATHS = NO;
				CLANG_ANALYZER_NONNULL = YES;
				CLANG_ANALYZER_NUMBER_OBJECT_CONVERSION = YES_AGGRESSIVE;
				CLANG_CXX_LANGUAGE_STANDARD = "gnu++14";
				CLANG_CXX_LIBRARY = "libc++";
				CLANG_ENABLE_MODULES = YES;
				CLANG_ENABLE_OBJC_ARC = YES;
				CLANG_ENABLE_OBJC_WEAK = YES;
				CLANG_WARN_BLOCK_CAPTURE_AUTORELEASING = YES;
				CLANG_WARN_BOOL_CONVERSION = YES;
				CLANG_WARN_COMMA = YES;
				CLANG_WARN_CONSTANT_CONVERSION = YES;
				CLANG_WARN_DEPRECATED_OBJC_IMPLEMENTATIONS = YES;
				CLANG_WARN_DIRECT_OBJC_ISA_USAGE = YES_ERROR;
				CLANG_WARN_DOCUMENTATION_COMMENTS = YES;
				CLANG_WARN_EMPTY_BODY = YES;
				CLANG_WARN_ENUM_CONVERSION = YES;
				CLANG_WARN_INFINITE_RECURSION = YES;
				CLANG_WARN_INT_CONVERSION = YES;
				CLANG_WARN_NON_LITERAL_NULL_CONVERSION = YES;
				CLANG_WARN_OBJC_IMPLICIT_RETAIN_SELF = YES;
				CLANG_WARN_OBJC_LITERAL_CONVERSION = YES;
				CLANG_WARN_OBJC_ROOT_CLASS = YES_ERROR;
				CLANG_WARN_QUOTED_INCLUDE_IN_FRAMEWORK_HEADER = YES;
				CLANG_WARN_RANGE_LOOP_ANALYSIS = YES;
				CLANG_WARN_STRICT_PROTOTYPES = YES;
				CLANG_WARN_SUSPICIOUS_MOVE = YES;
				CLANG_WARN_UNGUARDED_AVAILABILITY = YES_AGGRESSIVE;
				CLANG_WARN_UNREACHABLE_CODE = YES;
				CLANG_WARN__DUPLICATE_METHOD_MATCH = YES;
				COPY_PHASE_STRIP = NO;
				CURRENT_PROJECT_VERSION = 1;
				DEBUG_INFORMATION_FORMAT = "dwarf-with-dsym";
				DEVELOPMENT_TEAM = "";
				ENABLE_NS_ASSERTIONS = NO;
				ENABLE_STRICT_OBJC_MSGSEND = YES;
				GCC_C_LANGUAGE_STANDARD = gnu11;
				GCC_NO_COMMON_BLOCKS = YES;
				GCC_WARN_64_TO_32_BIT_CONVERSION = YES;
				GCC_WARN_ABOUT_RETURN_TYPE = YES_ERROR;
				GCC_WARN_UNDECLARED_SELECTOR = YES;
				GCC_WARN_UNINITIALIZED_AUTOS = YES_AGGRESSIVE;
				GCC_WARN_UNUSED_FUNCTION = YES;
				GCC_WARN_UNUSED_VARIABLE = YES;
				IPHONEOS_DEPLOYMENT_TARGET = 17.0;
				MARKETING_VERSION = 1.0;
				MTL_ENABLE_DEBUG_INFO = NO;
				MTL_FAST_MATH = YES;
				PRODUCT_BUNDLE_IDENTIFIER = com.maxfaulkner.f1fantasy;
				PRODUCT_NAME = "$(TARGET_NAME)";
				SDKROOT = iphoneos;
				SWIFT_COMPILATION_MODE = wholemodule;
				SWIFT_OPTIMIZATION_LEVEL = "-O";
				SWIFT_VERSION = 5.10;
			};
			name = Release;
		};
		6B3A75F57485754507A8A59E /* Debug */ = {
			isa = XCBuildConfiguration;
			buildSettings = {
				ALWAYS_SEARCH_USER_PATHS = NO;
				CLANG_ANALYZER_NONNULL = YES;
				CLANG_ANALYZER_NUMBER_OBJECT_CONVERSION = YES_AGGRESSIVE;
				CLANG_CXX_LANGUAGE_STANDARD = "gnu++14";
				CLANG_CXX_LIBRARY = "libc++";
				CLANG_ENABLE_MODULES = YES;
				CLANG_ENABLE_OBJC_ARC = YES;
				CLANG_ENABLE_OBJC_WEAK = YES;
				CLANG_WARN_BLOCK_CAPTURE_AUTORELEASING = YES;
				CLANG_WARN_BOOL_CONVERSION = YES;
				CLANG_WARN_COMMA = YES;
				CLANG_WARN_CONSTANT_CONVERSION = YES;
				CLANG_WARN_DEPRECATED_OBJC_IMPLEMENTATIONS = YES;
				CLANG_WARN_DIRECT_OBJC_ISA_USAGE = YES_ERROR;
				CLANG_WARN_DOCUMENTATION_COMMENTS = YES;
				CLANG_WARN_EMPTY_BODY = YES;
				CLANG_WARN_ENUM_CONVERSION = YES;
				CLANG_WARN_INFINITE_RECURSION = YES;
				CLANG_WARN_INT_CONVERSION = YES;
				CLANG_WARN_NON_LITERAL_NULL_CONVERSION = YES;
				CLANG_WARN_OBJC_IMPLICIT_RETAIN_SELF = YES;
				CLANG_WARN_OBJC_LITERAL_CONVERSION = YES;
				CLANG_WARN_OBJC_ROOT_CLASS = YES_ERROR;
				CLANG_WARN_QUOTED_INCLUDE_IN_FRAMEWORK_HEADER = YES;
				CLANG_WARN_RANGE_LOOP_ANALYSIS = YES;
				CLANG_WARN_STRICT_PROTOTYPES = YES;
				CLANG_WARN_SUSPICIOUS_MOVE = YES;
				CLANG_WARN_UNGUARDED_AVAILABILITY = YES_AGGRESSIVE;
				CLANG_WARN_UNREACHABLE_CODE = YES;
				CLANG_WARN__DUPLICATE_METHOD_MATCH = YES;
				COPY_PHASE_STRIP = NO;
				CURRENT_PROJECT_VERSION = 1;
				DEBUG_INFORMATION_FORMAT = dwarf;
				DEVELOPMENT_TEAM = "";
				ENABLE_STRICT_OBJC_MSGSEND = YES;
				ENABLE_TESTABILITY = YES;
				GCC_C_LANGUAGE_STANDARD = gnu11;
				GCC_DYNAMIC_NO_PIC = NO;
				GCC_NO_COMMON_BLOCKS = YES;
				GCC_OPTIMIZATION_LEVEL = 0;
				GCC_PREPROCESSOR_DEFINITIONS = (
					"$(inherited)",
					"DEBUG=1",
				);
				GCC_WARN_64_TO_32_BIT_CONVERSION = YES;
				GCC_WARN_ABOUT_RETURN_TYPE = YES_ERROR;
				GCC_WARN_UNDECLARED_SELECTOR = YES;
				GCC_WARN_UNINITIALIZED_AUTOS = YES_AGGRESSIVE;
				GCC_WARN_UNUSED_FUNCTION = YES;
				GCC_WARN_UNUSED_VARIABLE = YES;
				IPHONEOS_DEPLOYMENT_TARGET = 17.0;
				MARKETING_VERSION = 1.0;
				MTL_ENABLE_DEBUG_INFO = INCLUDE_SOURCE;
				MTL_FAST_MATH = YES;
				ONLY_ACTIVE_ARCH = YES;
				PRODUCT_BUNDLE_IDENTIFIER = com.maxfaulkner.f1fantasy;
				PRODUCT_NAME = "$(TARGET_NAME)";
				SDKROOT = iphoneos;
				SWIFT_ACTIVE_COMPILATION_CONDITIONS = DEBUG;
				SWIFT_OPTIMIZATION_LEVEL = "-Onone";
				SWIFT_VERSION = 5.10;
			};
			name = Debug;
		};
		B1F6F43D59D4BF37D21CB3AF /* Release */ = {
			isa = XCBuildConfiguration;
			buildSettings = {
				ASSETCATALOG_COMPILER_APPICON_NAME = AppIcon;
				CODE_SIGN_ENTITLEMENTS = F1Fantasy/F1Fantasy.entitlements;
				CODE_SIGN_IDENTITY = "iPhone Developer";
				CODE_SIGN_STYLE = Automatic;
				DEVELOPMENT_TEAM = 22JPP4N3C6;
				INFOPLIST_FILE = F1Fantasy/Info.plist;
				IPHONEOS_DEPLOYMENT_TARGET = 17.0;
				LD_RUNPATH_SEARCH_PATHS = (
					"$(inherited)",
					"@executable_path/Frameworks",
				);
				PRODUCT_BUNDLE_IDENTIFIER = com.maxfaulkner.f1fantasy;
				SDKROOT = iphoneos;
				TARGETED_DEVICE_FAMILY = "1,2";
			};
			name = Release;
		};
/* End XCBuildConfiguration section */

/* Begin XCConfigurationList section */
		00098C48D0FCE89D38A698D1 /* Build configuration list for PBXNativeTarget "F1Fantasy" */ = {
			isa = XCConfigurationList;
			buildConfigurations = (
				2E03D57C08407176869B239C /* Debug */,
				B1F6F43D59D4BF37D21CB3AF /* Release */,
			);
			defaultConfigurationIsVisible = 0;
			defaultConfigurationName = Debug;
		};
		D90F2179B90CC31F3BE268EA /* Build configuration list for PBXProject "F1Fantasy" */ = {
			isa = XCConfigurationList;
			buildConfigurations = (
				6B3A75F57485754507A8A59E /* Debug */,
				5561F6091595E3392DD2EADA /* Release */,
			);
			defaultConfigurationIsVisible = 0;
			defaultConfigurationName = Debug;
		};
/* End XCConfigurationList section */
	};
	rootObject = 773BBCFF74B1C24D4E92DA01 /* Project object */;
}
